
Microsoft Visual Studio Solution File, Format Version 12.00
# Visual Studio 15
VisualStudioVersion = 15.0.27004.2006
MinimumVisualStudioVersion = 10.0.40219.1
Project("{FAE04EC0-301F-11D3-BF4B-00C04F79EFBC}") = "Testy2", "Testy2\Testy2.csproj", "{5A15A27C-12EA-4BC3-A912-6CE0ED753B74}"
EndProject
Project("{FAE04EC0-301F-11D3-BF4B-00C04F79EFBC}") = "Zadanie6", "Zadanie6\Zadanie6.csproj", "{CAD06D31-210C-4CE6-8E74-3AF4C2DFB045}"
EndProject
Project("{FAE04EC0-301F-11D3-BF4B-00C04F79EFBC}") = "Zadanie7", "Zadanie7\Zadanie7.csproj", "{A54CB83E-7D04-4B18-BE34-4252B84F0217}"
EndProject
Project("{FAE04EC0-301F-11D3-BF4B-00C04F79EFBC}") = "Zadanie8", "Zadanie8\Zadanie8.csproj", "{9BD743E1-4A2C-4E28-9367-349C27E6B0B1}"
EndProject
Global
	GlobalSection(SolutionConfigurationPlatforms) = preSolution
		Debug|Any CPU = Debug|Any CPU
		Release|Any CPU = Release|Any CPU
	EndGlobalSection
	GlobalSection(ProjectConfigurationPlatforms) = postSolution
		{5A15A27C-12EA-4BC3-A912-6CE0ED753B74}.Debug|Any CPU.ActiveCfg = Debug|Any CPU
		{5A15A27C-12EA-4BC3-A912-6CE0ED753B74}.Debug|Any CPU.Build.0 = Debug|Any CPU
		{5A15A27C-12EA-4BC3-A912-6CE0ED753B74}.Release|Any CPU.ActiveCfg = Release|Any CPU
		{5A15A27C-12EA-4BC3-A912-6CE0ED753B74}.Release|Any CPU.Build.0 = Release|Any CPU
		{CAD06D31-210C-4CE6-8E74-3AF4C2DFB045}.Debug|Any CPU.ActiveCfg = Debug|Any CPU
		{CAD06D31-210C-4CE6-8E74-3AF4C2DFB045}.Debug|Any CPU.Build.0 = Debug|Any CPU
		{CAD06D31-210C-4CE6-8E74-3AF4C2DFB045}.Release|Any CPU.ActiveCfg = Release|Any CPU
		{CAD06D31-210C-4CE6-8E74-3AF4C2DFB045}.Release|Any CPU.Build.0 = Release|Any CPU
		{A54CB83E-7D04-4B18-BE34-4252B84F0217}.Debug|Any CPU.ActiveCfg = Debug|Any CPU
		{A54CB83E-7D04-4B18-BE34-4252B84F0217}.Debug|Any CPU.Build.0 = Debug|Any CPU
		{A54CB83E-7D04-4B18-BE34-4252B84F0217}.Release|Any CPU.ActiveCfg = Release|Any CPU
		{A54CB83E-7D04-4B18-BE34-4252B84F0217}.Release|Any CPU.Build.0 = Release|Any CPU
		{9BD743E1-4A2C-4E28-9367-349C27E6B0B1}.Debug|Any CPU.ActiveCfg = Debug|Any CPU
		{9BD743E1-4A2C-4E28-9367-349C27E6B0B1}.Debug|Any CPU.Build.0 = Debug|Any CPU
		{9BD743E1-4A2C-4E28-9367-349C27E6B0B1}.Release|Any CPU.ActiveCfg = Release|Any CPU
		{9BD743E1-4A2C-4E28-9367-349C27E6B0B1}.Release|Any CPU.Build.0 = Release|Any CPU
	EndGlobalSection
	GlobalSection(SolutionProperties) = preSolution
		HideSolutionNode = FALSE
	EndGlobalSection
	GlobalSection(ExtensibilityGlobals) = postSolution
		SolutionGuid = {CF6B9350-D410-419B-8EE6-B1CBF792A51F}
	EndGlobalSection
EndGlobal
