
Microsoft Visual Studio Solution File, Format Version 12.00
# Visual Studio 15
VisualStudioVersion = 15.0.27004.2006
MinimumVisualStudioVersion = 10.0.40219.1
Project("{FAE04EC0-301F-11D3-BF4B-00C04F79EFBC}") = "IO_4", "IO_4.csproj", "{BF559D92-EAE5-43C7-88CF-1833C3491BD3}"
EndProject
Project("{FAE04EC0-301F-11D3-BF4B-00C04F79EFBC}") = "zad1", "..\zad1\zad1.csproj", "{8287529A-24AD-49C3-9609-B7376F7D6918}"
EndProject
Global
	GlobalSection(SolutionConfigurationPlatforms) = preSolution
		Debug|Any CPU = Debug|Any CPU
		Release|Any CPU = Release|Any CPU
	EndGlobalSection
	GlobalSection(ProjectConfigurationPlatforms) = postSolution
		{BF559D92-EAE5-43C7-88CF-1833C3491BD3}.Debug|Any CPU.ActiveCfg = Debug|Any CPU
		{BF559D92-EAE5-43C7-88CF-1833C3491BD3}.Debug|Any CPU.Build.0 = Debug|Any CPU
		{BF559D92-EAE5-43C7-88CF-1833C3491BD3}.Release|Any CPU.ActiveCfg = Release|Any CPU
		{BF559D92-EAE5-43C7-88CF-1833C3491BD3}.Release|Any CPU.Build.0 = Release|Any CPU
		{8287529A-24AD-49C3-9609-B7376F7D6918}.Debug|Any CPU.ActiveCfg = Debug|Any CPU
		{8287529A-24AD-49C3-9609-B7376F7D6918}.Debug|Any CPU.Build.0 = Debug|Any CPU
		{8287529A-24AD-49C3-9609-B7376F7D6918}.Release|Any CPU.ActiveCfg = Release|Any CPU
		{8287529A-24AD-49C3-9609-B7376F7D6918}.Release|Any CPU.Build.0 = Release|Any CPU
	EndGlobalSection
	GlobalSection(SolutionProperties) = preSolution
		HideSolutionNode = FALSE
	EndGlobalSection
	GlobalSection(ExtensibilityGlobals) = postSolution
		SolutionGuid = {E1C0833C-DD67-462E-BCEB-850EA522BB3A}
	EndGlobalSection
EndGlobal
